
Microsoft Visual Studio Solution File, Format Version 12.00
# Visual Studio Version 16
VisualStudioVersion = 16.0.29613.14
MinimumVisualStudioVersion = 10.0.40219.1
Project("{2150E333-8FDC-42A3-9474-1A3956D46DE8}") = "Behavioral", "Behavioral", "{BE0E1803-435A-4780-AD67-7D61C4AB78AE}"
EndProject
Project("{2150E333-8FDC-42A3-9474-1A3956D46DE8}") = "Rule", "Rule", "{AA5C769F-D303-46E7-8CD8-B55DF033BF9E}"
EndProject
Project("{FAE04EC0-301F-11D3-BF4B-00C04F79EFBC}") = "Rule.Before", "..\Rule.Berfore\Rule.Before.csproj", "{8D818E24-491D-4917-9258-0E622CA5FB70}"
EndProject
Project("{FAE04EC0-301F-11D3-BF4B-00C04F79EFBC}") = "Rule.Test", "..\Rule.Test\Rule.Test.csproj", "{182EECC7-06A0-4C62-AA29-0777EE3C749D}"
EndProject
Project("{FAE04EC0-301F-11D3-BF4B-00C04F79EFBC}") = "Rule.After", "..\Rule.After\Rule.After.csproj", "{AB82E96E-6841-4FF4-BC40-810E95D0C44F}"
EndProject
Project("{2150E333-8FDC-42A3-9474-1A3956D46DE8}") = "Greed", "Greed", "{E9F477F2-5680-4EB3-8F54-E8AEF4754DC6}"
EndProject
Project("{FAE04EC0-301F-11D3-BF4B-00C04F79EFBC}") = "Greed.Before", "..\Greed.Before\Greed.Before.csproj", "{27C20B8D-693E-4A53-A9AA-EE80E9B8E48D}"
EndProject
Project("{FAE04EC0-301F-11D3-BF4B-00C04F79EFBC}") = "Greed.After", "..\Greed.After\Greed.After.csproj", "{799F10A1-A951-44F6-8A1C-51360A19F0DC}"
EndProject
Project("{2150E333-8FDC-42A3-9474-1A3956D46DE8}") = "Specification", "Specification", "{B784DE4E-09F6-4168-A3E3-1662C7150968}"
EndProject
Project("{FAE04EC0-301F-11D3-BF4B-00C04F79EFBC}") = "Specification.Before", "..\Specification.Before\Specification.Before.csproj", "{39E8F90B-0DD2-4320-945B-87B08F453F05}"
EndProject
Project("{FAE04EC0-301F-11D3-BF4B-00C04F79EFBC}") = "Specification.After", "..\Specification.After\Specification.After.csproj", "{FA60A878-7D3B-46E4-8BE0-42C0016739B0}"
EndProject
Project("{FAE04EC0-301F-11D3-BF4B-00C04F79EFBC}") = "Specification.Test", "..\Test\Specification.Test.csproj", "{BD150F1F-953C-4DF7-9FDF-5F4B7A7BD041}"
EndProject
Project("{2150E333-8FDC-42A3-9474-1A3956D46DE8}") = "Mediator", "Mediator", "{E3DB73FC-AE9C-45AA-8C8B-36DFA49C87DF}"
EndProject
Project("{9A19103F-16F7-4668-BE54-9A1E7A4F7556}") = "MarkerPositions", "..\Mediator\MarkerPositions\MarkerPositions.csproj", "{6B05761F-736B-44FE-B927-EBFC2801E651}"
EndProject
Project("{9A19103F-16F7-4668-BE54-9A1E7A4F7556}") = "MediatorDemo", "..\Mediator\MediatorDemo\MediatorDemo.csproj", "{5856D0A8-F099-44B7-96A3-32CA088BA5FB}"
EndProject
Project("{9A19103F-16F7-4668-BE54-9A1E7A4F7556}") = "MediatRDemo", "..\Mediator\MediatRDemo\MediatRDemo.csproj", "{ED4FC7A7-4EFA-4F3A-843A-8635F31EC187}"
EndProject
Project("{2150E333-8FDC-42A3-9474-1A3956D46DE8}") = "Structured", "Structured", "{4759F557-CD40-402A-8B3C-59FF88393D37}"
EndProject
Project("{FAE04EC0-301F-11D3-BF4B-00C04F79EFBC}") = "CacheAside.Before", "..\CacheAside.Before\CacheAside.Before.csproj", "{54C5B2FC-1D76-4C24-8243-2B67B3789514}"
EndProject
Project("{FAE04EC0-301F-11D3-BF4B-00C04F79EFBC}") = "CacheAside.After", "..\CacheAside.After\CacheAside.After.csproj", "{73659AA3-219D-4C8F-B4CB-C7BC2AEE12D7}"
EndProject
Project("{2150E333-8FDC-42A3-9474-1A3956D46DE8}") = "Servant", "Servant", "{57EEA411-51E6-4809-9B30-05C21D1AE693}"
EndProject
Project("{FAE04EC0-301F-11D3-BF4B-00C04F79EFBC}") = "Servant.After", "..\Servant.After\Servant.After.csproj", "{040F11AD-5B88-46A2-A308-D57CE5056373}"
EndProject
Project("{2150E333-8FDC-42A3-9474-1A3956D46DE8}") = "Ambassador", "Ambassador", "{33A37D57-894F-4DE8-A7DA-4BA14DDCFCA2}"
EndProject
Project("{FAE04EC0-301F-11D3-BF4B-00C04F79EFBC}") = "Ambassador.After", "..\Ambassador.After\Ambassador.After.csproj", "{DB80A21C-9AFB-452D-905C-7B5DBAA84108}"
EndProject
Project("{FAE04EC0-301F-11D3-BF4B-00C04F79EFBC}") = "Specification.Problem", "..\Specification.Problem\Specification.Problem.csproj", "{BDAB5F2F-376A-4ABD-BBC1-2FB2B29AE819}"
EndProject
Project("{FAE04EC0-301F-11D3-BF4B-00C04F79EFBC}") = "Specification.Solved", "..\Specification.Solved\Specification.Solved.csproj", "{B05E9FBD-CD99-44DD-BDE3-7884095F1203}"
EndProject
Project("{FAE04EC0-301F-11D3-BF4B-00C04F79EFBC}") = "Outbox.Before", "..\Outbox.Before\Outbox.Before.csproj", "{72ACF2D6-48AA-4A0E-9670-DD2B96DB65B8}"
EndProject
Global
	GlobalSection(SolutionConfigurationPlatforms) = preSolution
		Debug|Any CPU = Debug|Any CPU
		Release|Any CPU = Release|Any CPU
	EndGlobalSection
	GlobalSection(ProjectConfigurationPlatforms) = postSolution
		{8D818E24-491D-4917-9258-0E622CA5FB70}.Debug|Any CPU.ActiveCfg = Debug|Any CPU
		{8D818E24-491D-4917-9258-0E622CA5FB70}.Debug|Any CPU.Build.0 = Debug|Any CPU
		{8D818E24-491D-4917-9258-0E622CA5FB70}.Release|Any CPU.ActiveCfg = Release|Any CPU
		{8D818E24-491D-4917-9258-0E622CA5FB70}.Release|Any CPU.Build.0 = Release|Any CPU
		{182EECC7-06A0-4C62-AA29-0777EE3C749D}.Debug|Any CPU.ActiveCfg = Debug|Any CPU
		{182EECC7-06A0-4C62-AA29-0777EE3C749D}.Debug|Any CPU.Build.0 = Debug|Any CPU
		{182EECC7-06A0-4C62-AA29-0777EE3C749D}.Release|Any CPU.ActiveCfg = Release|Any CPU
		{182EECC7-06A0-4C62-AA29-0777EE3C749D}.Release|Any CPU.Build.0 = Release|Any CPU
		{AB82E96E-6841-4FF4-BC40-810E95D0C44F}.Debug|Any CPU.ActiveCfg = Debug|Any CPU
		{AB82E96E-6841-4FF4-BC40-810E95D0C44F}.Debug|Any CPU.Build.0 = Debug|Any CPU
		{AB82E96E-6841-4FF4-BC40-810E95D0C44F}.Release|Any CPU.ActiveCfg = Release|Any CPU
		{AB82E96E-6841-4FF4-BC40-810E95D0C44F}.Release|Any CPU.Build.0 = Release|Any CPU
		{27C20B8D-693E-4A53-A9AA-EE80E9B8E48D}.Debug|Any CPU.ActiveCfg = Debug|Any CPU
		{27C20B8D-693E-4A53-A9AA-EE80E9B8E48D}.Debug|Any CPU.Build.0 = Debug|Any CPU
		{27C20B8D-693E-4A53-A9AA-EE80E9B8E48D}.Release|Any CPU.ActiveCfg = Release|Any CPU
		{27C20B8D-693E-4A53-A9AA-EE80E9B8E48D}.Release|Any CPU.Build.0 = Release|Any CPU
		{799F10A1-A951-44F6-8A1C-51360A19F0DC}.Debug|Any CPU.ActiveCfg = Debug|Any CPU
		{799F10A1-A951-44F6-8A1C-51360A19F0DC}.Debug|Any CPU.Build.0 = Debug|Any CPU
		{799F10A1-A951-44F6-8A1C-51360A19F0DC}.Release|Any CPU.ActiveCfg = Release|Any CPU
		{799F10A1-A951-44F6-8A1C-51360A19F0DC}.Release|Any CPU.Build.0 = Release|Any CPU
		{39E8F90B-0DD2-4320-945B-87B08F453F05}.Debug|Any CPU.ActiveCfg = Debug|Any CPU
		{39E8F90B-0DD2-4320-945B-87B08F453F05}.Debug|Any CPU.Build.0 = Debug|Any CPU
		{39E8F90B-0DD2-4320-945B-87B08F453F05}.Release|Any CPU.ActiveCfg = Release|Any CPU
		{39E8F90B-0DD2-4320-945B-87B08F453F05}.Release|Any CPU.Build.0 = Release|Any CPU
		{FA60A878-7D3B-46E4-8BE0-42C0016739B0}.Debug|Any CPU.ActiveCfg = Debug|Any CPU
		{FA60A878-7D3B-46E4-8BE0-42C0016739B0}.Debug|Any CPU.Build.0 = Debug|Any CPU
		{FA60A878-7D3B-46E4-8BE0-42C0016739B0}.Release|Any CPU.ActiveCfg = Release|Any CPU
		{FA60A878-7D3B-46E4-8BE0-42C0016739B0}.Release|Any CPU.Build.0 = Release|Any CPU
		{BD150F1F-953C-4DF7-9FDF-5F4B7A7BD041}.Debug|Any CPU.ActiveCfg = Debug|Any CPU
		{BD150F1F-953C-4DF7-9FDF-5F4B7A7BD041}.Debug|Any CPU.Build.0 = Debug|Any CPU
		{BD150F1F-953C-4DF7-9FDF-5F4B7A7BD041}.Release|Any CPU.ActiveCfg = Release|Any CPU
		{BD150F1F-953C-4DF7-9FDF-5F4B7A7BD041}.Release|Any CPU.Build.0 = Release|Any CPU
		{6B05761F-736B-44FE-B927-EBFC2801E651}.Debug|Any CPU.ActiveCfg = Debug|Any CPU
		{6B05761F-736B-44FE-B927-EBFC2801E651}.Debug|Any CPU.Build.0 = Debug|Any CPU
		{6B05761F-736B-44FE-B927-EBFC2801E651}.Release|Any CPU.ActiveCfg = Release|Any CPU
		{6B05761F-736B-44FE-B927-EBFC2801E651}.Release|Any CPU.Build.0 = Release|Any CPU
		{5856D0A8-F099-44B7-96A3-32CA088BA5FB}.Debug|Any CPU.ActiveCfg = Debug|Any CPU
		{5856D0A8-F099-44B7-96A3-32CA088BA5FB}.Debug|Any CPU.Build.0 = Debug|Any CPU
		{5856D0A8-F099-44B7-96A3-32CA088BA5FB}.Release|Any CPU.ActiveCfg = Release|Any CPU
		{5856D0A8-F099-44B7-96A3-32CA088BA5FB}.Release|Any CPU.Build.0 = Release|Any CPU
		{ED4FC7A7-4EFA-4F3A-843A-8635F31EC187}.Debug|Any CPU.ActiveCfg = Debug|Any CPU
		{ED4FC7A7-4EFA-4F3A-843A-8635F31EC187}.Debug|Any CPU.Build.0 = Debug|Any CPU
		{ED4FC7A7-4EFA-4F3A-843A-8635F31EC187}.Release|Any CPU.ActiveCfg = Release|Any CPU
		{ED4FC7A7-4EFA-4F3A-843A-8635F31EC187}.Release|Any CPU.Build.0 = Release|Any CPU
		{54C5B2FC-1D76-4C24-8243-2B67B3789514}.Debug|Any CPU.ActiveCfg = Debug|Any CPU
		{54C5B2FC-1D76-4C24-8243-2B67B3789514}.Debug|Any CPU.Build.0 = Debug|Any CPU
		{54C5B2FC-1D76-4C24-8243-2B67B3789514}.Release|Any CPU.ActiveCfg = Release|Any CPU
		{54C5B2FC-1D76-4C24-8243-2B67B3789514}.Release|Any CPU.Build.0 = Release|Any CPU
		{73659AA3-219D-4C8F-B4CB-C7BC2AEE12D7}.Debug|Any CPU.ActiveCfg = Debug|Any CPU
		{73659AA3-219D-4C8F-B4CB-C7BC2AEE12D7}.Debug|Any CPU.Build.0 = Debug|Any CPU
		{73659AA3-219D-4C8F-B4CB-C7BC2AEE12D7}.Release|Any CPU.ActiveCfg = Release|Any CPU
		{73659AA3-219D-4C8F-B4CB-C7BC2AEE12D7}.Release|Any CPU.Build.0 = Release|Any CPU
		{040F11AD-5B88-46A2-A308-D57CE5056373}.Debug|Any CPU.ActiveCfg = Debug|Any CPU
		{040F11AD-5B88-46A2-A308-D57CE5056373}.Debug|Any CPU.Build.0 = Debug|Any CPU
		{040F11AD-5B88-46A2-A308-D57CE5056373}.Release|Any CPU.ActiveCfg = Release|Any CPU
		{040F11AD-5B88-46A2-A308-D57CE5056373}.Release|Any CPU.Build.0 = Release|Any CPU
		{DB80A21C-9AFB-452D-905C-7B5DBAA84108}.Debug|Any CPU.ActiveCfg = Debug|Any CPU
		{DB80A21C-9AFB-452D-905C-7B5DBAA84108}.Debug|Any CPU.Build.0 = Debug|Any CPU
		{DB80A21C-9AFB-452D-905C-7B5DBAA84108}.Release|Any CPU.ActiveCfg = Release|Any CPU
		{DB80A21C-9AFB-452D-905C-7B5DBAA84108}.Release|Any CPU.Build.0 = Release|Any CPU
		{BDAB5F2F-376A-4ABD-BBC1-2FB2B29AE819}.Debug|Any CPU.ActiveCfg = Debug|Any CPU
		{BDAB5F2F-376A-4ABD-BBC1-2FB2B29AE819}.Debug|Any CPU.Build.0 = Debug|Any CPU
		{BDAB5F2F-376A-4ABD-BBC1-2FB2B29AE819}.Release|Any CPU.ActiveCfg = Release|Any CPU
		{BDAB5F2F-376A-4ABD-BBC1-2FB2B29AE819}.Release|Any CPU.Build.0 = Release|Any CPU
		{B05E9FBD-CD99-44DD-BDE3-7884095F1203}.Debug|Any CPU.ActiveCfg = Debug|Any CPU
		{B05E9FBD-CD99-44DD-BDE3-7884095F1203}.Debug|Any CPU.Build.0 = Debug|Any CPU
		{B05E9FBD-CD99-44DD-BDE3-7884095F1203}.Release|Any CPU.ActiveCfg = Release|Any CPU
		{B05E9FBD-CD99-44DD-BDE3-7884095F1203}.Release|Any CPU.Build.0 = Release|Any CPU
		{72ACF2D6-48AA-4A0E-9670-DD2B96DB65B8}.Debug|Any CPU.ActiveCfg = Debug|Any CPU
		{72ACF2D6-48AA-4A0E-9670-DD2B96DB65B8}.Debug|Any CPU.Build.0 = Debug|Any CPU
		{72ACF2D6-48AA-4A0E-9670-DD2B96DB65B8}.Release|Any CPU.ActiveCfg = Release|Any CPU
		{72ACF2D6-48AA-4A0E-9670-DD2B96DB65B8}.Release|Any CPU.Build.0 = Release|Any CPU
	EndGlobalSection
	GlobalSection(SolutionProperties) = preSolution
		HideSolutionNode = FALSE
	EndGlobalSection
	GlobalSection(NestedProjects) = preSolution
		{AA5C769F-D303-46E7-8CD8-B55DF033BF9E} = {BE0E1803-435A-4780-AD67-7D61C4AB78AE}
		{8D818E24-491D-4917-9258-0E622CA5FB70} = {AA5C769F-D303-46E7-8CD8-B55DF033BF9E}
		{182EECC7-06A0-4C62-AA29-0777EE3C749D} = {AA5C769F-D303-46E7-8CD8-B55DF033BF9E}
		{AB82E96E-6841-4FF4-BC40-810E95D0C44F} = {AA5C769F-D303-46E7-8CD8-B55DF033BF9E}
		{E9F477F2-5680-4EB3-8F54-E8AEF4754DC6} = {AA5C769F-D303-46E7-8CD8-B55DF033BF9E}
		{27C20B8D-693E-4A53-A9AA-EE80E9B8E48D} = {E9F477F2-5680-4EB3-8F54-E8AEF4754DC6}
		{799F10A1-A951-44F6-8A1C-51360A19F0DC} = {E9F477F2-5680-4EB3-8F54-E8AEF4754DC6}
		{B784DE4E-09F6-4168-A3E3-1662C7150968} = {BE0E1803-435A-4780-AD67-7D61C4AB78AE}
		{39E8F90B-0DD2-4320-945B-87B08F453F05} = {B784DE4E-09F6-4168-A3E3-1662C7150968}
		{FA60A878-7D3B-46E4-8BE0-42C0016739B0} = {B784DE4E-09F6-4168-A3E3-1662C7150968}
		{BD150F1F-953C-4DF7-9FDF-5F4B7A7BD041} = {B784DE4E-09F6-4168-A3E3-1662C7150968}
		{E3DB73FC-AE9C-45AA-8C8B-36DFA49C87DF} = {BE0E1803-435A-4780-AD67-7D61C4AB78AE}
		{6B05761F-736B-44FE-B927-EBFC2801E651} = {E3DB73FC-AE9C-45AA-8C8B-36DFA49C87DF}
		{5856D0A8-F099-44B7-96A3-32CA088BA5FB} = {E3DB73FC-AE9C-45AA-8C8B-36DFA49C87DF}
		{ED4FC7A7-4EFA-4F3A-843A-8635F31EC187} = {E3DB73FC-AE9C-45AA-8C8B-36DFA49C87DF}
		{54C5B2FC-1D76-4C24-8243-2B67B3789514} = {4759F557-CD40-402A-8B3C-59FF88393D37}
		{73659AA3-219D-4C8F-B4CB-C7BC2AEE12D7} = {4759F557-CD40-402A-8B3C-59FF88393D37}
		{57EEA411-51E6-4809-9B30-05C21D1AE693} = {BE0E1803-435A-4780-AD67-7D61C4AB78AE}
		{040F11AD-5B88-46A2-A308-D57CE5056373} = {57EEA411-51E6-4809-9B30-05C21D1AE693}
		{33A37D57-894F-4DE8-A7DA-4BA14DDCFCA2} = {BE0E1803-435A-4780-AD67-7D61C4AB78AE}
		{DB80A21C-9AFB-452D-905C-7B5DBAA84108} = {33A37D57-894F-4DE8-A7DA-4BA14DDCFCA2}
		{BDAB5F2F-376A-4ABD-BBC1-2FB2B29AE819} = {B784DE4E-09F6-4168-A3E3-1662C7150968}
		{B05E9FBD-CD99-44DD-BDE3-7884095F1203} = {B784DE4E-09F6-4168-A3E3-1662C7150968}
		{72ACF2D6-48AA-4A0E-9670-DD2B96DB65B8} = {4759F557-CD40-402A-8B3C-59FF88393D37}
	EndGlobalSection
	GlobalSection(ExtensibilityGlobals) = postSolution
		SolutionGuid = {59DD4E54-CF4B-4F7D-80FA-7C492911000F}
	EndGlobalSection
EndGlobal
